
Microsoft Visual Studio Solution File, Format Version 12.00
# Visual Studio Version 17
VisualStudioVersion = 17.0.31903.59
MinimumVisualStudioVersion = 10.0.40219.1
Project("{2150E333-8FDC-42A3-9474-1A3956D46DE8}") = "libs", "libs", "{7561B001-F822-4AAD-A883-3DB321A2E763}"
EndProject
Project("{FAE04EC0-301F-11D3-BF4B-00C04F79EFBC}") = "VillageClub.Contracts", "libs\VillageClub.Contracts\VillageClub.Contracts.csproj", "{02749031-463F-4891-AD2B-CC68EBEEA71F}"
EndProject
Project("{2150E333-8FDC-42A3-9474-1A3956D46DE8}") = "services", "services", "{22B5526D-371C-4F06-822A-2C2D74C44FBA}"
EndProject
Project("{2150E333-8FDC-42A3-9474-1A3956D46DE8}") = "membership", "membership", "{20D2A6BF-5CA8-4C69-AAED-A6C6D4C9DA06}"
EndProject
Project("{2150E333-8FDC-42A3-9474-1A3956D46DE8}") = "src", "src", "{405C6FED-615F-487C-B552-59AE3F2C9F98}"
EndProject
Project("{FAE04EC0-301F-11D3-BF4B-00C04F79EFBC}") = "VillageClub.Membership", "services\membership\src\VillageClub.Membership\VillageClub.Membership.csproj", "{D46B596B-0ADB-4F8B-BCFA-068256FEAD69}"
EndProject
Global
	GlobalSection(SolutionConfigurationPlatforms) = preSolution
		Debug|Any CPU = Debug|Any CPU
		Release|Any CPU = Release|Any CPU
	EndGlobalSection
	GlobalSection(SolutionProperties) = preSolution
		HideSolutionNode = FALSE
	EndGlobalSection
	GlobalSection(ProjectConfigurationPlatforms) = postSolution
		{02749031-463F-4891-AD2B-CC68EBEEA71F}.Debug|Any CPU.ActiveCfg = Debug|Any CPU
		{02749031-463F-4891-AD2B-CC68EBEEA71F}.Debug|Any CPU.Build.0 = Debug|Any CPU
		{02749031-463F-4891-AD2B-CC68EBEEA71F}.Release|Any CPU.ActiveCfg = Release|Any CPU
		{02749031-463F-4891-AD2B-CC68EBEEA71F}.Release|Any CPU.Build.0 = Release|Any CPU
		{D46B596B-0ADB-4F8B-BCFA-068256FEAD69}.Debug|Any CPU.ActiveCfg = Debug|Any CPU
		{D46B596B-0ADB-4F8B-BCFA-068256FEAD69}.Debug|Any CPU.Build.0 = Debug|Any CPU
		{D46B596B-0ADB-4F8B-BCFA-068256FEAD69}.Release|Any CPU.ActiveCfg = Release|Any CPU
		{D46B596B-0ADB-4F8B-BCFA-068256FEAD69}.Release|Any CPU.Build.0 = Release|Any CPU
	EndGlobalSection
	GlobalSection(NestedProjects) = preSolution
		{02749031-463F-4891-AD2B-CC68EBEEA71F} = {7561B001-F822-4AAD-A883-3DB321A2E763}
		{20D2A6BF-5CA8-4C69-AAED-A6C6D4C9DA06} = {22B5526D-371C-4F06-822A-2C2D74C44FBA}
		{405C6FED-615F-487C-B552-59AE3F2C9F98} = {20D2A6BF-5CA8-4C69-AAED-A6C6D4C9DA06}
		{D46B596B-0ADB-4F8B-BCFA-068256FEAD69} = {405C6FED-615F-487C-B552-59AE3F2C9F98}
	EndGlobalSection
EndGlobal
