
Microsoft Visual Studio Solution File, Format Version 12.00
# Visual Studio Version 17
VisualStudioVersion = 17.0.31903.59
MinimumVisualStudioVersion = 10.0.40219.1
Project("{2150E333-8FDC-42A3-9474-1A3956D46DE8}") = "libs", "libs", "{7561B001-F822-4AAD-A883-3DB321A2E763}"
EndProject
Project("{FAE04EC0-301F-11D3-BF4B-00C04F79EFBC}") = "VillageClub.Contracts", "libs\VillageClub.Contracts\VillageClub.Contracts.csproj", "{02749031-463F-4891-AD2B-CC68EBEEA71F}"
EndProject
Project("{2150E333-8FDC-42A3-9474-1A3956D46DE8}") = "services", "services", "{22B5526D-371C-4F06-822A-2C2D74C44FBA}"
EndProject
Project("{2150E333-8FDC-42A3-9474-1A3956D46DE8}") = "membership", "membership", "{20D2A6BF-5CA8-4C69-AAED-A6C6D4C9DA06}"
EndProject
Project("{2150E333-8FDC-42A3-9474-1A3956D46DE8}") = "src", "src", "{405C6FED-615F-487C-B552-59AE3F2C9F98}"
EndProject
Project("{FAE04EC0-301F-11D3-BF4B-00C04F79EFBC}") = "VillageClub.Membership", "services\membership\src\VillageClub.Membership\VillageClub.Membership.csproj", "{D46B596B-0ADB-4F8B-BCFA-068256FEAD69}"
EndProject
Project("{2150E333-8FDC-42A3-9474-1A3956D46DE8}") = "tests", "tests", "{5F11C3E0-883F-472F-88FE-FCEF27D87DB4}"
EndProject
Project("{FAE04EC0-301F-11D3-BF4B-00C04F79EFBC}") = "VillageClub.Membership.Tests", "services\membership\tests\VillageClub.Membership.Tests\VillageClub.Membership.Tests.csproj", "{5A04F817-8CAC-45A2-9FD7-D46314F689A2}"
EndProject
Project("{2150E333-8FDC-42A3-9474-1A3956D46DE8}") = "VillageClub.Auth", "VillageClub.Auth", "{ED074EF6-F546-4BD2-9AD1-2B04B16D67CC}"
EndProject
Project("{2150E333-8FDC-42A3-9474-1A3956D46DE8}") = "src", "src", "{543C3612-E9E9-48E6-9B29-12BD8F5CCD77}"
EndProject
Project("{FAE04EC0-301F-11D3-BF4B-00C04F79EFBC}") = "VillageClub.Auth", "libs\VillageClub.Auth\src\VillageClub.Auth\VillageClub.Auth.csproj", "{A8BC0755-37A4-4392-B252-C31FE73B6EE0}"
EndProject
Project("{2150E333-8FDC-42A3-9474-1A3956D46DE8}") = "tests", "tests", "{A83F1E16-6905-46DB-A0C1-E25A976FEFE0}"
EndProject
Project("{FAE04EC0-301F-11D3-BF4B-00C04F79EFBC}") = "VillageClub.Auth.Tests", "libs\VillageClub.Auth\tests\VillageClub.Auth.Tests\VillageClub.Auth.Tests.csproj", "{A523A86B-D30D-4FD5-9237-BD2062CA6899}"
EndProject
Global
	GlobalSection(SolutionConfigurationPlatforms) = preSolution
		Debug|Any CPU = Debug|Any CPU
		Release|Any CPU = Release|Any CPU
	EndGlobalSection
	GlobalSection(SolutionProperties) = preSolution
		HideSolutionNode = FALSE
	EndGlobalSection
	GlobalSection(ProjectConfigurationPlatforms) = postSolution
		{02749031-463F-4891-AD2B-CC68EBEEA71F}.Debug|Any CPU.ActiveCfg = Debug|Any CPU
		{02749031-463F-4891-AD2B-CC68EBEEA71F}.Debug|Any CPU.Build.0 = Debug|Any CPU
		{02749031-463F-4891-AD2B-CC68EBEEA71F}.Release|Any CPU.ActiveCfg = Release|Any CPU
		{02749031-463F-4891-AD2B-CC68EBEEA71F}.Release|Any CPU.Build.0 = Release|Any CPU
		{D46B596B-0ADB-4F8B-BCFA-068256FEAD69}.Debug|Any CPU.ActiveCfg = Debug|Any CPU
		{D46B596B-0ADB-4F8B-BCFA-068256FEAD69}.Debug|Any CPU.Build.0 = Debug|Any CPU
		{D46B596B-0ADB-4F8B-BCFA-068256FEAD69}.Release|Any CPU.ActiveCfg = Release|Any CPU
		{D46B596B-0ADB-4F8B-BCFA-068256FEAD69}.Release|Any CPU.Build.0 = Release|Any CPU
		{5A04F817-8CAC-45A2-9FD7-D46314F689A2}.Debug|Any CPU.ActiveCfg = Debug|Any CPU
		{5A04F817-8CAC-45A2-9FD7-D46314F689A2}.Debug|Any CPU.Build.0 = Debug|Any CPU
		{5A04F817-8CAC-45A2-9FD7-D46314F689A2}.Release|Any CPU.ActiveCfg = Release|Any CPU
		{5A04F817-8CAC-45A2-9FD7-D46314F689A2}.Release|Any CPU.Build.0 = Release|Any CPU
		{A8BC0755-37A4-4392-B252-C31FE73B6EE0}.Debug|Any CPU.ActiveCfg = Debug|Any CPU
		{A8BC0755-37A4-4392-B252-C31FE73B6EE0}.Debug|Any CPU.Build.0 = Debug|Any CPU
		{A8BC0755-37A4-4392-B252-C31FE73B6EE0}.Release|Any CPU.ActiveCfg = Release|Any CPU
		{A8BC0755-37A4-4392-B252-C31FE73B6EE0}.Release|Any CPU.Build.0 = Release|Any CPU
		{A523A86B-D30D-4FD5-9237-BD2062CA6899}.Debug|Any CPU.ActiveCfg = Debug|Any CPU
		{A523A86B-D30D-4FD5-9237-BD2062CA6899}.Debug|Any CPU.Build.0 = Debug|Any CPU
		{A523A86B-D30D-4FD5-9237-BD2062CA6899}.Release|Any CPU.ActiveCfg = Release|Any CPU
		{A523A86B-D30D-4FD5-9237-BD2062CA6899}.Release|Any CPU.Build.0 = Release|Any CPU
	EndGlobalSection
	GlobalSection(NestedProjects) = preSolution
		{02749031-463F-4891-AD2B-CC68EBEEA71F} = {7561B001-F822-4AAD-A883-3DB321A2E763}
		{20D2A6BF-5CA8-4C69-AAED-A6C6D4C9DA06} = {22B5526D-371C-4F06-822A-2C2D74C44FBA}
		{405C6FED-615F-487C-B552-59AE3F2C9F98} = {20D2A6BF-5CA8-4C69-AAED-A6C6D4C9DA06}
		{D46B596B-0ADB-4F8B-BCFA-068256FEAD69} = {405C6FED-615F-487C-B552-59AE3F2C9F98}
		{5F11C3E0-883F-472F-88FE-FCEF27D87DB4} = {20D2A6BF-5CA8-4C69-AAED-A6C6D4C9DA06}
		{5A04F817-8CAC-45A2-9FD7-D46314F689A2} = {5F11C3E0-883F-472F-88FE-FCEF27D87DB4}
		{ED074EF6-F546-4BD2-9AD1-2B04B16D67CC} = {7561B001-F822-4AAD-A883-3DB321A2E763}
		{543C3612-E9E9-48E6-9B29-12BD8F5CCD77} = {ED074EF6-F546-4BD2-9AD1-2B04B16D67CC}
		{A8BC0755-37A4-4392-B252-C31FE73B6EE0} = {543C3612-E9E9-48E6-9B29-12BD8F5CCD77}
		{A83F1E16-6905-46DB-A0C1-E25A976FEFE0} = {ED074EF6-F546-4BD2-9AD1-2B04B16D67CC}
		{A523A86B-D30D-4FD5-9237-BD2062CA6899} = {A83F1E16-6905-46DB-A0C1-E25A976FEFE0}
	EndGlobalSection
EndGlobal
